{
  "name": "proseplay-datasets",
  "version": "1.0.0",
  "lockfileVersion": 2,
  "requires": true,
  "packages": {
    "": {
      "name": "proseplay-datasets",
      "version": "1.0.0",
      "license": "ISC",
      "dependencies": {
        "proseplay": "^1.1.1"
      }
    },
    "node_modules/proseplay": {
      "version": "1.1.1",
      "resolved": "https://registry.npmjs.org/proseplay/-/proseplay-1.1.1.tgz",
      "integrity": "sha512-e4PJ+mZkwk1cP3ewsnug5seB1vIm4SSthzCbiQWWRABM5oHP37CWl/c7yiycoE6HUR524QSmSPqRVULj5pd/pQ=="
    }
  },
  "dependencies": {
    "proseplay": {
      "version": "1.1.1",
      "resolved": "https://registry.npmjs.org/proseplay/-/proseplay-1.1.1.tgz",
      "integrity": "sha512-e4PJ+mZkwk1cP3ewsnug5seB1vIm4SSthzCbiQWWRABM5oHP37CWl/c7yiycoE6HUR524QSmSPqRVULj5pd/pQ=="
    }
  }
}
